
Microsoft Visual Studio Solution File, Format Version 12.00
# Visual Studio Version 16
VisualStudioVersion = 16.0.30114.105
MinimumVisualStudioVersion = 10.0.40219.1
Project("{FAE04EC0-301F-11D3-BF4B-00C04F79EFBC}") = "Domain", "Domain\Domain.csproj", "{C960A87C-70E6-4B0E-85DD-3852B6C2484B}"
EndProject
Project("{FAE04EC0-301F-11D3-BF4B-00C04F79EFBC}") = "Application", "Application\Application.csproj", "{230DA460-F228-4943-8F2A-2B1DDD7B9B64}"
EndProject
Project("{FAE04EC0-301F-11D3-BF4B-00C04F79EFBC}") = "Persistence", "Persistence\Persistence.csproj", "{9ECE98B7-FBDB-43AF-91AE-2FE98491D113}"
EndProject
Project("{FAE04EC0-301F-11D3-BF4B-00C04F79EFBC}") = "API", "API\API.csproj", "{5CFDA4AE-496D-4D9C-BF81-8486E15D7EBB}"
EndProject
Global
	GlobalSection(SolutionConfigurationPlatforms) = preSolution
		Debug|Any CPU = Debug|Any CPU
		Release|Any CPU = Release|Any CPU
	EndGlobalSection
	GlobalSection(SolutionProperties) = preSolution
		HideSolutionNode = FALSE
	EndGlobalSection
	GlobalSection(ProjectConfigurationPlatforms) = postSolution
		{C960A87C-70E6-4B0E-85DD-3852B6C2484B}.Debug|Any CPU.ActiveCfg = Debug|Any CPU
		{C960A87C-70E6-4B0E-85DD-3852B6C2484B}.Debug|Any CPU.Build.0 = Debug|Any CPU
		{C960A87C-70E6-4B0E-85DD-3852B6C2484B}.Release|Any CPU.ActiveCfg = Release|Any CPU
		{C960A87C-70E6-4B0E-85DD-3852B6C2484B}.Release|Any CPU.Build.0 = Release|Any CPU
		{230DA460-F228-4943-8F2A-2B1DDD7B9B64}.Debug|Any CPU.ActiveCfg = Debug|Any CPU
		{230DA460-F228-4943-8F2A-2B1DDD7B9B64}.Debug|Any CPU.Build.0 = Debug|Any CPU
		{230DA460-F228-4943-8F2A-2B1DDD7B9B64}.Release|Any CPU.ActiveCfg = Release|Any CPU
		{230DA460-F228-4943-8F2A-2B1DDD7B9B64}.Release|Any CPU.Build.0 = Release|Any CPU
		{9ECE98B7-FBDB-43AF-91AE-2FE98491D113}.Debug|Any CPU.ActiveCfg = Debug|Any CPU
		{9ECE98B7-FBDB-43AF-91AE-2FE98491D113}.Debug|Any CPU.Build.0 = Debug|Any CPU
		{9ECE98B7-FBDB-43AF-91AE-2FE98491D113}.Release|Any CPU.ActiveCfg = Release|Any CPU
		{9ECE98B7-FBDB-43AF-91AE-2FE98491D113}.Release|Any CPU.Build.0 = Release|Any CPU
		{5CFDA4AE-496D-4D9C-BF81-8486E15D7EBB}.Debug|Any CPU.ActiveCfg = Debug|Any CPU
		{5CFDA4AE-496D-4D9C-BF81-8486E15D7EBB}.Debug|Any CPU.Build.0 = Debug|Any CPU
		{5CFDA4AE-496D-4D9C-BF81-8486E15D7EBB}.Release|Any CPU.ActiveCfg = Release|Any CPU
		{5CFDA4AE-496D-4D9C-BF81-8486E15D7EBB}.Release|Any CPU.Build.0 = Release|Any CPU
	EndGlobalSection
EndGlobal
